
Microsoft Visual Studio Solution File, Format Version 12.00
# Visual Studio Version 17
VisualStudioVersion = 17.8.34511.84
MinimumVisualStudioVersion = 10.0.40219.1
Project("{9A19103F-16F7-4668-BE54-9A1E7A4F7556}") = "Exercise1", "Exercise1\Exercise1.csproj", "{CB7B22D4-1078-4FCA-9CCD-67BD5FF212C6}"
EndProject
Project("{9A19103F-16F7-4668-BE54-9A1E7A4F7556}") = "Exercise1.Tests", "Exercise1.Tests\Exercise1.Tests.csproj", "{587FDD11-984C-4DCB-8201-AC096960AFDF}"
EndProject
Project("{9A19103F-16F7-4668-BE54-9A1E7A4F7556}") = "Exercise3", "Exercise3\Exercise3.csproj", "{7FDBB655-17AD-4F44-83A2-44437719429C}"
EndProject
Project("{9A19103F-16F7-4668-BE54-9A1E7A4F7556}") = "Exercise3.Tests", "Exercise3.Tests\Exercise3.Tests.csproj", "{49B9DC72-AB4D-4D3F-A396-64AD92612256}"
EndProject
Project("{9A19103F-16F7-4668-BE54-9A1E7A4F7556}") = "Exercise4", "Exercise4\Exercise4.csproj", "{3140D4D8-DC0D-46CA-926F-ADCF52C3B0B8}"
EndProject
Project("{9A19103F-16F7-4668-BE54-9A1E7A4F7556}") = "Exercise4.Tests", "Exercise4.Tests\Exercise4.Tests.csproj", "{4CA550C0-1F56-450D-B7FB-0B46F94309D8}"
EndProject
Project("{9A19103F-16F7-4668-BE54-9A1E7A4F7556}") = "Exercise5", "Exercise5\Exercise5.csproj", "{91AB6939-A750-4864-BDEC-EE36D1577E06}"
EndProject
Project("{9A19103F-16F7-4668-BE54-9A1E7A4F7556}") = "Exercise5.Tests", "Exercise5.Tests\Exercise5.Tests.csproj", "{3E21CCEE-B477-424E-8B76-23C548EF692A}"
EndProject
Project("{9A19103F-16F7-4668-BE54-9A1E7A4F7556}") = "Exercise7", "Exercise7\Exercise7.csproj", "{A084C47D-26E2-4A11-B45F-5371E4F8967B}"
EndProject
Project("{9A19103F-16F7-4668-BE54-9A1E7A4F7556}") = "Exercise7.Tests", "Exercise7.Tests\Exercise7.Tests.csproj", "{789EDB41-C1B2-42AA-A309-7AC293AA2198}"
EndProject
Project("{9A19103F-16F7-4668-BE54-9A1E7A4F7556}") = "Exercise9", "Exercise9\Exercise9.csproj", "{25D7702E-1BB0-43BC-824F-26E5CE27DDC6}"
EndProject
Project("{9A19103F-16F7-4668-BE54-9A1E7A4F7556}") = "Exercise9.Tests", "Exercise9.Tests\Exercise9.Tests.csproj", "{5B4A34FA-CF75-4907-83E6-B42FFC59F0A2}"
EndProject
Global
	GlobalSection(SolutionConfigurationPlatforms) = preSolution
		Debug|Any CPU = Debug|Any CPU
		Release|Any CPU = Release|Any CPU
	EndGlobalSection
	GlobalSection(ProjectConfigurationPlatforms) = postSolution
		{CB7B22D4-1078-4FCA-9CCD-67BD5FF212C6}.Debug|Any CPU.ActiveCfg = Debug|Any CPU
		{CB7B22D4-1078-4FCA-9CCD-67BD5FF212C6}.Debug|Any CPU.Build.0 = Debug|Any CPU
		{CB7B22D4-1078-4FCA-9CCD-67BD5FF212C6}.Release|Any CPU.ActiveCfg = Release|Any CPU
		{CB7B22D4-1078-4FCA-9CCD-67BD5FF212C6}.Release|Any CPU.Build.0 = Release|Any CPU
		{587FDD11-984C-4DCB-8201-AC096960AFDF}.Debug|Any CPU.ActiveCfg = Debug|Any CPU
		{587FDD11-984C-4DCB-8201-AC096960AFDF}.Debug|Any CPU.Build.0 = Debug|Any CPU
		{587FDD11-984C-4DCB-8201-AC096960AFDF}.Release|Any CPU.ActiveCfg = Release|Any CPU
		{587FDD11-984C-4DCB-8201-AC096960AFDF}.Release|Any CPU.Build.0 = Release|Any CPU
		{7FDBB655-17AD-4F44-83A2-44437719429C}.Debug|Any CPU.ActiveCfg = Debug|Any CPU
		{7FDBB655-17AD-4F44-83A2-44437719429C}.Debug|Any CPU.Build.0 = Debug|Any CPU
		{7FDBB655-17AD-4F44-83A2-44437719429C}.Release|Any CPU.ActiveCfg = Release|Any CPU
		{7FDBB655-17AD-4F44-83A2-44437719429C}.Release|Any CPU.Build.0 = Release|Any CPU
		{49B9DC72-AB4D-4D3F-A396-64AD92612256}.Debug|Any CPU.ActiveCfg = Debug|Any CPU
		{49B9DC72-AB4D-4D3F-A396-64AD92612256}.Debug|Any CPU.Build.0 = Debug|Any CPU
		{49B9DC72-AB4D-4D3F-A396-64AD92612256}.Release|Any CPU.ActiveCfg = Release|Any CPU
		{49B9DC72-AB4D-4D3F-A396-64AD92612256}.Release|Any CPU.Build.0 = Release|Any CPU
		{3140D4D8-DC0D-46CA-926F-ADCF52C3B0B8}.Debug|Any CPU.ActiveCfg = Debug|Any CPU
		{3140D4D8-DC0D-46CA-926F-ADCF52C3B0B8}.Debug|Any CPU.Build.0 = Debug|Any CPU
		{3140D4D8-DC0D-46CA-926F-ADCF52C3B0B8}.Release|Any CPU.ActiveCfg = Release|Any CPU
		{3140D4D8-DC0D-46CA-926F-ADCF52C3B0B8}.Release|Any CPU.Build.0 = Release|Any CPU
		{4CA550C0-1F56-450D-B7FB-0B46F94309D8}.Debug|Any CPU.ActiveCfg = Debug|Any CPU
		{4CA550C0-1F56-450D-B7FB-0B46F94309D8}.Debug|Any CPU.Build.0 = Debug|Any CPU
		{4CA550C0-1F56-450D-B7FB-0B46F94309D8}.Release|Any CPU.ActiveCfg = Release|Any CPU
		{4CA550C0-1F56-450D-B7FB-0B46F94309D8}.Release|Any CPU.Build.0 = Release|Any CPU
		{91AB6939-A750-4864-BDEC-EE36D1577E06}.Debug|Any CPU.ActiveCfg = Debug|Any CPU
		{91AB6939-A750-4864-BDEC-EE36D1577E06}.Debug|Any CPU.Build.0 = Debug|Any CPU
		{91AB6939-A750-4864-BDEC-EE36D1577E06}.Release|Any CPU.ActiveCfg = Release|Any CPU
		{91AB6939-A750-4864-BDEC-EE36D1577E06}.Release|Any CPU.Build.0 = Release|Any CPU
		{3E21CCEE-B477-424E-8B76-23C548EF692A}.Debug|Any CPU.ActiveCfg = Debug|Any CPU
		{3E21CCEE-B477-424E-8B76-23C548EF692A}.Debug|Any CPU.Build.0 = Debug|Any CPU
		{3E21CCEE-B477-424E-8B76-23C548EF692A}.Release|Any CPU.ActiveCfg = Release|Any CPU
		{3E21CCEE-B477-424E-8B76-23C548EF692A}.Release|Any CPU.Build.0 = Release|Any CPU
		{A084C47D-26E2-4A11-B45F-5371E4F8967B}.Debug|Any CPU.ActiveCfg = Debug|Any CPU
		{A084C47D-26E2-4A11-B45F-5371E4F8967B}.Debug|Any CPU.Build.0 = Debug|Any CPU
		{A084C47D-26E2-4A11-B45F-5371E4F8967B}.Release|Any CPU.ActiveCfg = Release|Any CPU
		{A084C47D-26E2-4A11-B45F-5371E4F8967B}.Release|Any CPU.Build.0 = Release|Any CPU
		{789EDB41-C1B2-42AA-A309-7AC293AA2198}.Debug|Any CPU.ActiveCfg = Debug|Any CPU
		{789EDB41-C1B2-42AA-A309-7AC293AA2198}.Debug|Any CPU.Build.0 = Debug|Any CPU
		{789EDB41-C1B2-42AA-A309-7AC293AA2198}.Release|Any CPU.ActiveCfg = Release|Any CPU
		{789EDB41-C1B2-42AA-A309-7AC293AA2198}.Release|Any CPU.Build.0 = Release|Any CPU
		{25D7702E-1BB0-43BC-824F-26E5CE27DDC6}.Debug|Any CPU.ActiveCfg = Debug|Any CPU
		{25D7702E-1BB0-43BC-824F-26E5CE27DDC6}.Debug|Any CPU.Build.0 = Debug|Any CPU
		{25D7702E-1BB0-43BC-824F-26E5CE27DDC6}.Release|Any CPU.ActiveCfg = Release|Any CPU
		{25D7702E-1BB0-43BC-824F-26E5CE27DDC6}.Release|Any CPU.Build.0 = Release|Any CPU
		{5B4A34FA-CF75-4907-83E6-B42FFC59F0A2}.Debug|Any CPU.ActiveCfg = Debug|Any CPU
		{5B4A34FA-CF75-4907-83E6-B42FFC59F0A2}.Debug|Any CPU.Build.0 = Debug|Any CPU
		{5B4A34FA-CF75-4907-83E6-B42FFC59F0A2}.Release|Any CPU.ActiveCfg = Release|Any CPU
		{5B4A34FA-CF75-4907-83E6-B42FFC59F0A2}.Release|Any CPU.Build.0 = Release|Any CPU
	EndGlobalSection
	GlobalSection(SolutionProperties) = preSolution
		HideSolutionNode = FALSE
	EndGlobalSection
	GlobalSection(ExtensibilityGlobals) = postSolution
		SolutionGuid = {7C084701-2D0B-4CE0-98C1-DF7CC98F1032}
	EndGlobalSection
EndGlobal
